github.com/sebbbastien/goModuleA v0.0.1 h1:x83s75jeHR/bQEyLYc0migXb3qDZNjXQb78mzBB8Ptc=
github.com/sebbbastien/goModuleA v0.0.1/go.mod h1:ErKJiyj5/ygqPVHReYhW7g4LjOiByEQyISAO4L+QgMg=
github.com/sebbbastien/goModuleB v0.0.2 h1:iMohAmFgxEkq+RgTUp9+Fr4T69B6tKqzf3VitVLSeV4=
github.com/sebbbastien/goModuleB v0.0.2/go.mod h1:AWIupl0oYxOACIFVm9lgAS7X64ViDaHFcTso/5QdwXc=
